
Microsoft Visual Studio Solution File, Format Version 12.00
# Visual Studio Version 17
VisualStudioVersion = 17.5.33627.172
MinimumVisualStudioVersion = 10.0.40219.1
Project("{FAE04EC0-301F-11D3-BF4B-00C04F79EFBC}") = "Branch-Cherry_Test", "newproject\Branch-Cherry_Test.csproj", "{286043FC-D1E3-4BB3-B199-C9535304C116}"
EndProject
Global
	GlobalSection(SolutionConfigurationPlatforms) = preSolution
		Debug|Any CPU = Debug|Any CPU
		Release|Any CPU = Release|Any CPU
	EndGlobalSection
	GlobalSection(ProjectConfigurationPlatforms) = postSolution
		{286043FC-D1E3-4BB3-B199-C9535304C116}.Debug|Any CPU.ActiveCfg = Debug|Any CPU
		{286043FC-D1E3-4BB3-B199-C9535304C116}.Debug|Any CPU.Build.0 = Debug|Any CPU
		{286043FC-D1E3-4BB3-B199-C9535304C116}.Release|Any CPU.ActiveCfg = Release|Any CPU
		{286043FC-D1E3-4BB3-B199-C9535304C116}.Release|Any CPU.Build.0 = Release|Any CPU
	EndGlobalSection
	GlobalSection(SolutionProperties) = preSolution
		HideSolutionNode = FALSE
	EndGlobalSection
	GlobalSection(ExtensibilityGlobals) = postSolution
		SolutionGuid = {04A0A431-455C-4E25-85F9-8B16632BCC3F}
	EndGlobalSection
EndGlobal
